
Microsoft Visual Studio Solution File, Format Version 12.00
# Visual Studio Version 16
VisualStudioVersion = 16.0.29709.97
MinimumVisualStudioVersion = 10.0.40219.1
Project("{FAE04EC0-301F-11D3-BF4B-00C04F79EFBC}") = "ui", "ui\ui.csproj", "{F014E4D4-505C-47BB-A54C-6BFD9ED24404}"
EndProject
Project("{FAE04EC0-301F-11D3-BF4B-00C04F79EFBC}") = "model", "model\model.csproj", "{8580FCBA-B314-4DEE-B697-84723A2F0BDF}"
EndProject
Global
	GlobalSection(SolutionConfigurationPlatforms) = preSolution
		Debug|Any CPU = Debug|Any CPU
		Release|Any CPU = Release|Any CPU
	EndGlobalSection
	GlobalSection(ProjectConfigurationPlatforms) = postSolution
		{F014E4D4-505C-47BB-A54C-6BFD9ED24404}.Debug|Any CPU.ActiveCfg = Debug|Any CPU
		{F014E4D4-505C-47BB-A54C-6BFD9ED24404}.Debug|Any CPU.Build.0 = Debug|Any CPU
		{F014E4D4-505C-47BB-A54C-6BFD9ED24404}.Release|Any CPU.ActiveCfg = Release|Any CPU
		{F014E4D4-505C-47BB-A54C-6BFD9ED24404}.Release|Any CPU.Build.0 = Release|Any CPU
		{8580FCBA-B314-4DEE-B697-84723A2F0BDF}.Debug|Any CPU.ActiveCfg = Debug|Any CPU
		{8580FCBA-B314-4DEE-B697-84723A2F0BDF}.Debug|Any CPU.Build.0 = Debug|Any CPU
		{8580FCBA-B314-4DEE-B697-84723A2F0BDF}.Release|Any CPU.ActiveCfg = Release|Any CPU
		{8580FCBA-B314-4DEE-B697-84723A2F0BDF}.Release|Any CPU.Build.0 = Release|Any CPU
	EndGlobalSection
	GlobalSection(SolutionProperties) = preSolution
		HideSolutionNode = FALSE
	EndGlobalSection
	GlobalSection(ExtensibilityGlobals) = postSolution
		SolutionGuid = {02733C9B-78F9-41BE-BA26-19F295DB2DCB}
	EndGlobalSection
EndGlobal
